
Microsoft Visual Studio Solution File, Format Version 12.00
Project("{FAE04EC0-301F-11D3-BF4B-00C04F79EFBC}") = "Identity.Web", "Identity.Web\Identity.Web.csproj", "{9E8C4406-D7C7-40AC-B73E-6BF5150ECBC4}"
EndProject
Project("{FAE04EC0-301F-11D3-BF4B-00C04F79EFBC}") = "Identity.Cognito.Models", "Identity.Cognito.Models\Identity.Cognito.Models.csproj", "{8AE5BCC8-E023-4A90-B8F8-4AAFBEA26F09}"
EndProject
Project("{FAE04EC0-301F-11D3-BF4B-00C04F79EFBC}") = "Identity.Cognito", "Identity.Cognito\Identity.Cognito.csproj", "{29F9F066-0FB9-47A9-A4F3-CDAAD10FCD35}"
EndProject
Project("{FAE04EC0-301F-11D3-BF4B-00C04F79EFBC}") = "Identity.Infrastructure", "Identity.Infrastructure\Identity.Infrastructure.csproj", "{23ABE3D1-AAA7-438E-84C9-266A87B870C5}"
EndProject
Project("{FAE04EC0-301F-11D3-BF4B-00C04F79EFBC}") = "Identity.Adb2c", "Identity.Adb2c\Identity.Adb2c.csproj", "{F3AEDFD6-57F9-475C-9F52-9DC9F904CFC5}"
EndProject
Project("{FAE04EC0-301F-11D3-BF4B-00C04F79EFBC}") = "Identity.Adb2c.Models", "Identity.Adb2c.Models\Identity.Adb2c.Models.csproj", "{A9F511EF-5A93-43DB-A8D9-F381054E093A}"
EndProject
Project("{2150E333-8FDC-42A3-9474-1A3956D46DE8}") = "SolutionItems", "SolutionItems", "{C5B1F38B-5417-4474-BA57-0A08A80B0723}"
	ProjectSection(SolutionItems) = preProject
		Dockerfile = Dockerfile
		Makefile = Makefile
		.gitignore = .gitignore
	EndProjectSection
EndProject
Project("{FAE04EC0-301F-11D3-BF4B-00C04F79EFBC}") = "Identity.Shared", "Identity.Shared\Identity.Shared.csproj", "{2823793C-2E08-472C-ADA8-DB8499CEF3C6}"
EndProject
Project("{2150E333-8FDC-42A3-9474-1A3956D46DE8}") = "src", "src", "{92CE6DF1-DC40-4002-97DF-B5427CA38301}"
EndProject
Project("{2150E333-8FDC-42A3-9474-1A3956D46DE8}") = "tests", "tests", "{8AEBFA66-DBD2-4F94-A692-12DA5E300957}"
EndProject
Project("{FAE04EC0-301F-11D3-BF4B-00C04F79EFBC}") = "Identity.Cognito.Tests", "Identity.Cognito.Tests\Identity.Cognito.Tests.csproj", "{C562C0F7-A2C9-4DCE-B767-B8DAF7A268E3}"
EndProject
Project("{FAE04EC0-301F-11D3-BF4B-00C04F79EFBC}") = "Identity.Adb2c.Tests", "Identity.Adb2c.Tests\Identity.Adb2c.Tests.csproj", "{B4375B15-AF87-462E-AC19-A90E6473B4A5}"
EndProject
Project("{FAE04EC0-301F-11D3-BF4B-00C04F79EFBC}") = "Identity.Shared.Tests", "Identity.Shared.Tests\Identity.Shared.Tests.csproj", "{24D2243C-3F42-4013-8AE8-9A3F74BF55F6}"
EndProject
Global
	GlobalSection(SolutionConfigurationPlatforms) = preSolution
		Debug|Any CPU = Debug|Any CPU
		Release|Any CPU = Release|Any CPU
	EndGlobalSection
	GlobalSection(ProjectConfigurationPlatforms) = postSolution
		{9E8C4406-D7C7-40AC-B73E-6BF5150ECBC4}.Debug|Any CPU.ActiveCfg = Debug|Any CPU
		{9E8C4406-D7C7-40AC-B73E-6BF5150ECBC4}.Debug|Any CPU.Build.0 = Debug|Any CPU
		{9E8C4406-D7C7-40AC-B73E-6BF5150ECBC4}.Release|Any CPU.ActiveCfg = Release|Any CPU
		{9E8C4406-D7C7-40AC-B73E-6BF5150ECBC4}.Release|Any CPU.Build.0 = Release|Any CPU
		{8AE5BCC8-E023-4A90-B8F8-4AAFBEA26F09}.Debug|Any CPU.ActiveCfg = Debug|Any CPU
		{8AE5BCC8-E023-4A90-B8F8-4AAFBEA26F09}.Debug|Any CPU.Build.0 = Debug|Any CPU
		{8AE5BCC8-E023-4A90-B8F8-4AAFBEA26F09}.Release|Any CPU.ActiveCfg = Release|Any CPU
		{8AE5BCC8-E023-4A90-B8F8-4AAFBEA26F09}.Release|Any CPU.Build.0 = Release|Any CPU
		{29F9F066-0FB9-47A9-A4F3-CDAAD10FCD35}.Debug|Any CPU.ActiveCfg = Debug|Any CPU
		{29F9F066-0FB9-47A9-A4F3-CDAAD10FCD35}.Debug|Any CPU.Build.0 = Debug|Any CPU
		{29F9F066-0FB9-47A9-A4F3-CDAAD10FCD35}.Release|Any CPU.ActiveCfg = Release|Any CPU
		{29F9F066-0FB9-47A9-A4F3-CDAAD10FCD35}.Release|Any CPU.Build.0 = Release|Any CPU
		{23ABE3D1-AAA7-438E-84C9-266A87B870C5}.Debug|Any CPU.ActiveCfg = Debug|Any CPU
		{23ABE3D1-AAA7-438E-84C9-266A87B870C5}.Debug|Any CPU.Build.0 = Debug|Any CPU
		{23ABE3D1-AAA7-438E-84C9-266A87B870C5}.Release|Any CPU.ActiveCfg = Release|Any CPU
		{23ABE3D1-AAA7-438E-84C9-266A87B870C5}.Release|Any CPU.Build.0 = Release|Any CPU
		{F3AEDFD6-57F9-475C-9F52-9DC9F904CFC5}.Debug|Any CPU.ActiveCfg = Debug|Any CPU
		{F3AEDFD6-57F9-475C-9F52-9DC9F904CFC5}.Debug|Any CPU.Build.0 = Debug|Any CPU
		{F3AEDFD6-57F9-475C-9F52-9DC9F904CFC5}.Release|Any CPU.ActiveCfg = Release|Any CPU
		{F3AEDFD6-57F9-475C-9F52-9DC9F904CFC5}.Release|Any CPU.Build.0 = Release|Any CPU
		{A9F511EF-5A93-43DB-A8D9-F381054E093A}.Debug|Any CPU.ActiveCfg = Debug|Any CPU
		{A9F511EF-5A93-43DB-A8D9-F381054E093A}.Debug|Any CPU.Build.0 = Debug|Any CPU
		{A9F511EF-5A93-43DB-A8D9-F381054E093A}.Release|Any CPU.ActiveCfg = Release|Any CPU
		{A9F511EF-5A93-43DB-A8D9-F381054E093A}.Release|Any CPU.Build.0 = Release|Any CPU
		{2823793C-2E08-472C-ADA8-DB8499CEF3C6}.Debug|Any CPU.ActiveCfg = Debug|Any CPU
		{2823793C-2E08-472C-ADA8-DB8499CEF3C6}.Debug|Any CPU.Build.0 = Debug|Any CPU
		{2823793C-2E08-472C-ADA8-DB8499CEF3C6}.Release|Any CPU.ActiveCfg = Release|Any CPU
		{2823793C-2E08-472C-ADA8-DB8499CEF3C6}.Release|Any CPU.Build.0 = Release|Any CPU
		{C562C0F7-A2C9-4DCE-B767-B8DAF7A268E3}.Debug|Any CPU.ActiveCfg = Debug|Any CPU
		{C562C0F7-A2C9-4DCE-B767-B8DAF7A268E3}.Debug|Any CPU.Build.0 = Debug|Any CPU
		{C562C0F7-A2C9-4DCE-B767-B8DAF7A268E3}.Release|Any CPU.ActiveCfg = Release|Any CPU
		{C562C0F7-A2C9-4DCE-B767-B8DAF7A268E3}.Release|Any CPU.Build.0 = Release|Any CPU
		{B4375B15-AF87-462E-AC19-A90E6473B4A5}.Debug|Any CPU.ActiveCfg = Debug|Any CPU
		{B4375B15-AF87-462E-AC19-A90E6473B4A5}.Debug|Any CPU.Build.0 = Debug|Any CPU
		{B4375B15-AF87-462E-AC19-A90E6473B4A5}.Release|Any CPU.ActiveCfg = Release|Any CPU
		{B4375B15-AF87-462E-AC19-A90E6473B4A5}.Release|Any CPU.Build.0 = Release|Any CPU
		{24D2243C-3F42-4013-8AE8-9A3F74BF55F6}.Debug|Any CPU.ActiveCfg = Debug|Any CPU
		{24D2243C-3F42-4013-8AE8-9A3F74BF55F6}.Debug|Any CPU.Build.0 = Debug|Any CPU
		{24D2243C-3F42-4013-8AE8-9A3F74BF55F6}.Release|Any CPU.ActiveCfg = Release|Any CPU
		{24D2243C-3F42-4013-8AE8-9A3F74BF55F6}.Release|Any CPU.Build.0 = Release|Any CPU
	EndGlobalSection
	GlobalSection(NestedProjects) = preSolution
		{F3AEDFD6-57F9-475C-9F52-9DC9F904CFC5} = {92CE6DF1-DC40-4002-97DF-B5427CA38301}
		{A9F511EF-5A93-43DB-A8D9-F381054E093A} = {92CE6DF1-DC40-4002-97DF-B5427CA38301}
		{29F9F066-0FB9-47A9-A4F3-CDAAD10FCD35} = {92CE6DF1-DC40-4002-97DF-B5427CA38301}
		{8AE5BCC8-E023-4A90-B8F8-4AAFBEA26F09} = {92CE6DF1-DC40-4002-97DF-B5427CA38301}
		{23ABE3D1-AAA7-438E-84C9-266A87B870C5} = {92CE6DF1-DC40-4002-97DF-B5427CA38301}
		{2823793C-2E08-472C-ADA8-DB8499CEF3C6} = {92CE6DF1-DC40-4002-97DF-B5427CA38301}
		{9E8C4406-D7C7-40AC-B73E-6BF5150ECBC4} = {92CE6DF1-DC40-4002-97DF-B5427CA38301}
		{C562C0F7-A2C9-4DCE-B767-B8DAF7A268E3} = {8AEBFA66-DBD2-4F94-A692-12DA5E300957}
		{B4375B15-AF87-462E-AC19-A90E6473B4A5} = {8AEBFA66-DBD2-4F94-A692-12DA5E300957}
		{24D2243C-3F42-4013-8AE8-9A3F74BF55F6} = {8AEBFA66-DBD2-4F94-A692-12DA5E300957}
	EndGlobalSection
EndGlobal
